{
  "version": 4,
  "terraform_version": "1.7.5",
  "serial": 137,
  "lineage": "0642278f-09b5-b03d-4daf-7c9f773f6826",
  "outputs": {
    "DNS": {
      "value": "bermet-my-alb-1077895782.us-east-1.elb.amazonaws.com",
      "type": "string"
    },
    "subnet": {
      "value": {
        "10.0.4.0/24": "subnet-0048f852aa5f34086",
        "10.0.5.0/24": "subnet-0f242c002051303e9",
        "10.0.6.0/24": "subnet-0c4ad135711b002bf"
      },
      "type": [
        "object",
        {
          "10.0.4.0/24": "string",
          "10.0.5.0/24": "string",
          "10.0.6.0/24": "string"
        }
      ]
    }
  },
  "resources": [
    {
      "mode": "data",
      "type": "aws_ami",
      "name": "Ubuntu",
      "provider": "provider[\"registry.terraform.io/hashicorp/aws\"]",
      "instances": [
        {
          "schema_version": 0,
          "attributes": {
            "architecture": "x86_64",
            "arn": "arn:aws:ec2:us-east-1::image/ami-04b70fa74e45c3917",
            "block_device_mappings": [
              {
                "device_name": "/dev/sda1",
                "ebs": {
                  "delete_on_termination": "true",
                  "encrypted": "false",
                  "iops": "0",
                  "snapshot_id": "snap-053c5175dbcbf2351",
                  "throughput": "0",
                  "volume_size": "8",
                  "volume_type": "gp3"
                },
                "no_device": "",
                "virtual_name": ""
              },
              {
                "device_name": "/dev/sdb",
                "ebs": {},
                "no_device": "",
                "virtual_name": "ephemeral0"
              },
              {
                "device_name": "/dev/sdc",
                "ebs": {},
                "no_device": "",
                "virtual_name": "ephemeral1"
              }
            ],
            "boot_mode": "uefi-preferred",
            "creation_date": "2024-04-25T12:05:45.000Z",
            "deprecation_time": "2026-04-25T12:05:45.000Z",
            "description": "Canonical, Ubuntu, 24.04 LTS, amd64 noble image build on 2024-04-23",
            "ena_support": true,
            "executable_users": null,
            "filter": [
              {
                "name": "name",
                "values": [
                  "ubuntu/images/hvm-ssd-gp3/ubuntu-noble-24.04-amd64-server-20240423"
                ]
              }
            ],
            "hypervisor": "xen",
            "id": "ami-04b70fa74e45c3917",
            "image_id": "ami-04b70fa74e45c3917",
            "image_location": "amazon/ubuntu/images/hvm-ssd-gp3/ubuntu-noble-24.04-amd64-server-20240423",
            "image_owner_alias": "amazon",
            "image_type": "machine",
            "imds_support": "v2.0",
            "include_deprecated": false,
            "kernel_id": "",
            "most_recent": true,
            "name": "ubuntu/images/hvm-ssd-gp3/ubuntu-noble-24.04-amd64-server-20240423",
            "name_regex": null,
            "owner_id": "099720109477",
            "owners": [
              "099720109477"
            ],
            "platform": "",
            "platform_details": "Linux/UNIX",
            "product_codes": [],
            "public": true,
            "ramdisk_id": "",
            "root_device_name": "/dev/sda1",
            "root_device_type": "ebs",
            "root_snapshot_id": "snap-053c5175dbcbf2351",
            "sriov_net_support": "simple",
            "state": "available",
            "state_reason": {
              "code": "UNSET",
              "message": "UNSET"
            },
            "tags": {},
            "timeouts": null,
            "tpm_support": "",
            "usage_operation": "RunInstances",
            "virtualization_type": "hvm"
          },
          "sensitive_attributes": []
        }
      ]
    },
    {
      "module": "module.alb",
      "mode": "managed",
      "type": "aws_lb",
      "name": "default",
      "provider": "provider[\"registry.terraform.io/hashicorp/aws\"]",
      "instances": [
        {
          "index_key": 0,
          "schema_version": 0,
          "attributes": {
            "access_logs": [
              {
                "bucket": "",
                "enabled": false,
                "prefix": ""
              }
            ],
            "arn": "arn:aws:elasticloadbalancing:us-east-1:381491958741:loadbalancer/app/bermet-my-alb/e9120965678e3c2c",
            "arn_suffix": "app/bermet-my-alb/e9120965678e3c2c",
            "client_keep_alive": 3600,
            "connection_logs": [
              {
                "bucket": "",
                "enabled": false,
                "prefix": ""
              }
            ],
            "customer_owned_ipv4_pool": "",
            "desync_mitigation_mode": "defensive",
            "dns_name": "bermet-my-alb-1077895782.us-east-1.elb.amazonaws.com",
            "dns_record_client_routing_policy": null,
            "drop_invalid_header_fields": false,
            "enable_cross_zone_load_balancing": true,
            "enable_deletion_protection": false,
            "enable_http2": true,
            "enable_tls_version_and_cipher_suite_headers": false,
            "enable_waf_fail_open": false,
            "enable_xff_client_port": false,
            "enforce_security_group_inbound_rules_on_private_link_traffic": "",
            "id": "arn:aws:elasticloadbalancing:us-east-1:381491958741:loadbalancer/app/bermet-my-alb/e9120965678e3c2c",
            "idle_timeout": 60,
            "internal": false,
            "ip_address_type": "ipv4",
            "load_balancer_type": "application",
            "name": "bermet-my-alb",
            "name_prefix": "",
            "preserve_host_header": false,
            "security_groups": [
              "sg-0dfc7e9e6f98d5943"
            ],
            "subnet_mapping": [
              {
                "allocation_id": "",
                "ipv6_address": "",
                "outpost_id": "",
                "private_ipv4_address": "",
                "subnet_id": "subnet-01d57aae785ca0b91"
              },
              {
                "allocation_id": "",
                "ipv6_address": "",
                "outpost_id": "",
                "private_ipv4_address": "",
                "subnet_id": "subnet-0a959d9f853332769"
              },
              {
                "allocation_id": "",
                "ipv6_address": "",
                "outpost_id": "",
                "private_ipv4_address": "",
                "subnet_id": "subnet-0ba3025f45818107c"
              }
            ],
            "subnets": [
              "subnet-01d57aae785ca0b91",
              "subnet-0a959d9f853332769",
              "subnet-0ba3025f45818107c"
            ],
            "tags": {
              "Name": "bermet-my-alb",
              "Namespace": "bermet-my-alb"
            },
            "tags_all": {
              "Name": "bermet-my-alb",
              "Namespace": "bermet-my-alb"
            },
            "timeouts": null,
            "vpc_id": "vpc-0822c060ef50f06ff",
            "xff_header_processing_mode": "append",
            "zone_id": "Z35SXDOTRQ7X7K"
          },
          "sensitive_attributes": [],
          "private": "eyJlMmJmYjczMC1lY2FhLTExZTYtOGY4OC0zNDM2M2JjN2M0YzAiOnsiY3JlYXRlIjo2MDAwMDAwMDAwMDAsImRlbGV0ZSI6NjAwMDAwMDAwMDAwLCJ1cGRhdGUiOjYwMDAwMDAwMDAwMH19",
          "dependencies": [
            "module.alb.aws_security_group.default",
            "module.alb.module.access_logs.module.s3_bucket.module.aws_s3_bucket.aws_s3_bucket.default",
            "module.autoscaling.aws_security_group.sg",
            "module.networking.aws_subnet.public_subnet",
            "module.networking.aws_vpc.vpc",
            "module.networking.data.aws_availability_zones.available"
          ]
        }
      ]
    },
    {
      "module": "module.alb",
      "mode": "managed",
      "type": "aws_lb_listener",
      "name": "http_forward",
      "provider": "provider[\"registry.terraform.io/hashicorp/aws\"]",
      "instances": [
        {
          "index_key": 0,
          "schema_version": 0,
          "attributes": {
            "alpn_policy": null,
            "arn": "arn:aws:elasticloadbalancing:us-east-1:381491958741:listener/app/bermet-my-alb/e9120965678e3c2c/41b1b8fdd9edc9d5",
            "certificate_arn": null,
            "default_action": [
              {
                "authenticate_cognito": [],
                "authenticate_oidc": [],
                "fixed_response": [],
                "forward": [],
                "order": 1,
                "redirect": [],
                "target_group_arn": "arn:aws:elasticloadbalancing:us-east-1:381491958741:targetgroup/Bermet-TG/5567cff5f5111f7a",
                "type": "forward"
              }
            ],
            "id": "arn:aws:elasticloadbalancing:us-east-1:381491958741:listener/app/bermet-my-alb/e9120965678e3c2c/41b1b8fdd9edc9d5",
            "load_balancer_arn": "arn:aws:elasticloadbalancing:us-east-1:381491958741:loadbalancer/app/bermet-my-alb/e9120965678e3c2c",
            "mutual_authentication": [],
            "port": 80,
            "protocol": "HTTP",
            "ssl_policy": "",
            "tags": {
              "Name": "bermet-my-alb",
              "Namespace": "bermet-my-alb"
            },
            "tags_all": {
              "Name": "bermet-my-alb",
              "Namespace": "bermet-my-alb"
            },
            "timeouts": null
          },
          "sensitive_attributes": [],
          "private": "eyJlMmJmYjczMC1lY2FhLTExZTYtOGY4OC0zNDM2M2JjN2M0YzAiOnsiY3JlYXRlIjozMDAwMDAwMDAwMDAsInVwZGF0ZSI6MzAwMDAwMDAwMDAwfX0=",
          "dependencies": [
            "module.alb.aws_lb.default",
            "module.alb.aws_lb_target_group.default",
            "module.alb.aws_security_group.default",
            "module.alb.module.access_logs.module.s3_bucket.module.aws_s3_bucket.aws_s3_bucket.default",
            "module.autoscaling.aws_security_group.sg",
            "module.networking.aws_subnet.public_subnet",
            "module.networking.aws_vpc.vpc",
            "module.networking.data.aws_availability_zones.available"
          ]
        }
      ]
    },
    {
      "module": "module.alb",
      "mode": "managed",
      "type": "aws_lb_target_group",
      "name": "default",
      "provider": "provider[\"registry.terraform.io/hashicorp/aws\"]",
      "instances": [
        {
          "index_key": 0,
          "schema_version": 0,
          "attributes": {
            "arn": "arn:aws:elasticloadbalancing:us-east-1:381491958741:targetgroup/Bermet-TG/5567cff5f5111f7a",
            "arn_suffix": "targetgroup/Bermet-TG/5567cff5f5111f7a",
            "connection_termination": null,
            "deregistration_delay": "15",
            "health_check": [
              {
                "enabled": true,
                "healthy_threshold": 2,
                "interval": 15,
                "matcher": "200-399",
                "path": "/",
                "port": "traffic-port",
                "protocol": "HTTP",
                "timeout": 10,
                "unhealthy_threshold": 2
              }
            ],
            "id": "arn:aws:elasticloadbalancing:us-east-1:381491958741:targetgroup/Bermet-TG/5567cff5f5111f7a",
            "ip_address_type": "ipv4",
            "lambda_multi_value_headers_enabled": false,
            "load_balancer_arns": [
              "arn:aws:elasticloadbalancing:us-east-1:381491958741:loadbalancer/app/bermet-my-alb/e9120965678e3c2c"
            ],
            "load_balancing_algorithm_type": "round_robin",
            "load_balancing_anomaly_mitigation": "off",
            "load_balancing_cross_zone_enabled": "use_load_balancer_configuration",
            "name": "Bermet-TG",
            "name_prefix": "",
            "port": 80,
            "preserve_client_ip": null,
            "protocol": "HTTP",
            "protocol_version": "HTTP1",
            "proxy_protocol_v2": false,
            "slow_start": 0,
            "stickiness": [
              {
                "cookie_duration": 86400,
                "cookie_name": "",
                "enabled": false,
                "type": "lb_cookie"
              }
            ],
            "tags": {
              "Attributes": "default",
              "Name": "bermet-my-alb-default",
              "Namespace": "bermet-my-alb"
            },
            "tags_all": {
              "Attributes": "default",
              "Name": "bermet-my-alb-default",
              "Namespace": "bermet-my-alb"
            },
            "target_failover": [
              {
                "on_deregistration": null,
                "on_unhealthy": null
              }
            ],
            "target_health_state": [
              {
                "enable_unhealthy_connection_termination": null
              }
            ],
            "target_type": "instance",
            "vpc_id": "vpc-0822c060ef50f06ff"
          },
          "sensitive_attributes": [],
          "private": "bnVsbA==",
          "dependencies": [
            "module.networking.aws_vpc.vpc"
          ],
          "create_before_destroy": true
        }
      ]
    },
    {
      "module": "module.alb.module.access_logs",
      "mode": "data",
      "type": "aws_partition",
      "name": "current",
      "provider": "provider[\"registry.terraform.io/hashicorp/aws\"]",
      "instances": [
        {
          "schema_version": 0,
          "attributes": {
            "dns_suffix": "amazonaws.com",
            "id": "aws",
            "partition": "aws",
            "reverse_dns_prefix": "com.amazonaws"
          },
          "sensitive_attributes": []
        }
      ]
    },
    {
      "module": "module.autoscaling",
      "mode": "managed",
      "type": "aws_autoscaling_group",
      "name": "asg",
      "provider": "provider[\"registry.terraform.io/hashicorp/aws\"]",
      "instances": [
        {
          "schema_version": 1,
          "attributes": {
            "arn": "arn:aws:autoscaling:us-east-1:381491958741:autoScalingGroup:3fa36d98-6573-4a17-bd6b-76c6c6201863:autoScalingGroupName/Bermet",
            "availability_zones": [
              "us-east-1a",
              "us-east-1b",
              "us-east-1c"
            ],
            "capacity_rebalance": false,
            "context": "",
            "default_cooldown": 300,
            "default_instance_warmup": 0,
            "desired_capacity": 2,
            "desired_capacity_type": "",
            "enabled_metrics": [],
            "force_delete": false,
            "force_delete_warm_pool": false,
            "health_check_grace_period": 300,
            "health_check_type": "EC2",
            "id": "Bermet",
            "ignore_failed_scaling_activities": false,
            "initial_lifecycle_hook": [],
            "instance_maintenance_policy": [],
            "instance_refresh": [],
            "launch_configuration": "",
            "launch_template": [
              {
                "id": "lt-090b963da8c9d3a9a",
                "name": "true20240502204012255400000004",
                "version": "$Latest"
              }
            ],
            "load_balancers": [],
            "max_instance_lifetime": 0,
            "max_size": 3,
            "metrics_granularity": "1Minute",
            "min_elb_capacity": null,
            "min_size": 1,
            "mixed_instances_policy": [],
            "name": "Bermet",
            "name_prefix": "",
            "placement_group": "",
            "predicted_capacity": 0,
            "protect_from_scale_in": false,
            "service_linked_role_arn": "arn:aws:iam::381491958741:role/aws-service-role/autoscaling.amazonaws.com/AWSServiceRoleForAutoScaling",
            "suspended_processes": [],
            "tag": [],
            "target_group_arns": [
              "arn:aws:elasticloadbalancing:us-east-1:381491958741:targetgroup/Bermet-TG/5567cff5f5111f7a"
            ],
            "termination_policies": [],
            "timeouts": null,
            "traffic_source": [
              {
                "identifier": "arn:aws:elasticloadbalancing:us-east-1:381491958741:targetgroup/Bermet-TG/5567cff5f5111f7a",
                "type": "elbv2"
              }
            ],
            "vpc_zone_identifier": [
              "subnet-0048f852aa5f34086",
              "subnet-0c4ad135711b002bf",
              "subnet-0f242c002051303e9"
            ],
            "wait_for_capacity_timeout": "10m",
            "wait_for_elb_capacity": null,
            "warm_pool": [],
            "warm_pool_size": 0
          },
          "sensitive_attributes": [],
          "private": "eyJlMmJmYjczMC1lY2FhLTExZTYtOGY4OC0zNDM2M2JjN2M0YzAiOnsiZGVsZXRlIjo2MDAwMDAwMDAwMDAsInVwZGF0ZSI6NjAwMDAwMDAwMDAwfSwic2NoZW1hX3ZlcnNpb24iOiIxIn0=",
          "dependencies": [
            "data.aws_ami.Ubuntu",
            "module.alb.aws_lb_target_group.default",
            "module.autoscaling.aws_launch_template.launch_template",
            "module.autoscaling.aws_security_group.sg",
            "module.networking.aws_subnet.private_subnet",
            "module.networking.aws_vpc.vpc",
            "module.networking.data.aws_availability_zones.available"
          ]
        }
      ]
    },
    {
      "module": "module.autoscaling",
      "mode": "managed",
      "type": "aws_launch_template",
      "name": "launch_template",
      "provider": "provider[\"registry.terraform.io/hashicorp/aws\"]",
      "instances": [
        {
          "schema_version": 0,
          "attributes": {
            "arn": "arn:aws:ec2:us-east-1:381491958741:launch-template/lt-090b963da8c9d3a9a",
            "block_device_mappings": [],
            "capacity_reservation_specification": [],
            "cpu_options": [],
            "credit_specification": [],
            "default_version": 1,
            "description": "",
            "disable_api_stop": false,
            "disable_api_termination": false,
            "ebs_optimized": "",
            "elastic_gpu_specifications": [],
            "elastic_inference_accelerator": [],
            "enclave_options": [],
            "hibernation_options": [],
            "iam_instance_profile": [],
            "id": "lt-090b963da8c9d3a9a",
            "image_id": "ami-04b70fa74e45c3917",
            "instance_initiated_shutdown_behavior": "",
            "instance_market_options": [],
            "instance_requirements": [],
            "instance_type": "t2.micro",
            "kernel_id": "",
            "key_name": "",
            "latest_version": 3,
            "license_specification": [],
            "maintenance_options": [],
            "metadata_options": [],
            "monitoring": [],
            "name": "true20240502204012255400000004",
            "name_prefix": "true",
            "network_interfaces": [],
            "placement": [],
            "private_dns_name_options": [],
            "ram_disk_id": "",
            "security_group_names": [],
            "tag_specifications": [],
            "tags": {},
            "tags_all": {},
            "update_default_version": null,
            "user_data": "IyEvYmluL2Jhc2gNCmFwdC1nZXQgdXBkYXRlDQphcHQtZ2V0IGluc3RhbGwgYXBhY2hlMiAteQ0Kc3lzdGVtY3RsIGVuYWJsZSBhcGFjaGUyDQpzeXN0ZW1jdGwgc3RhcnQgYXBhY2hlMg0KZWNobyAiPGgxPkhlbGxvIFdvcmxkIGZyb20gJEhPU1ROQU1FPC9oMT4iID4gL3Zhci93d3cvaHRtbC9pbmRleC5odG1sDQo=",
            "vpc_security_group_ids": [
              "sg-0dfc7e9e6f98d5943"
            ]
          },
          "sensitive_attributes": [],
          "private": "bnVsbA==",
          "dependencies": [
            "data.aws_ami.Ubuntu",
            "module.autoscaling.aws_security_group.sg",
            "module.networking.aws_vpc.vpc"
          ]
        }
      ]
    },
    {
      "module": "module.autoscaling",
      "mode": "managed",
      "type": "aws_security_group",
      "name": "sg",
      "provider": "provider[\"registry.terraform.io/hashicorp/aws\"]",
      "instances": [
        {
          "schema_version": 1,
          "attributes": {
            "arn": "arn:aws:ec2:us-east-1:381491958741:security-group/sg-0dfc7e9e6f98d5943",
            "description": "Managed by Terraform",
            "egress": [
              {
                "cidr_blocks": [
                  "0.0.0.0/0"
                ],
                "description": "",
                "from_port": 0,
                "ipv6_cidr_blocks": [
                  "::/0"
                ],
                "prefix_list_ids": [],
                "protocol": "-1",
                "security_groups": [],
                "self": false,
                "to_port": 0
              },
              {
                "cidr_blocks": [
                  "0.0.0.0/0"
                ],
                "description": "",
                "from_port": 22,
                "ipv6_cidr_blocks": [],
                "prefix_list_ids": [],
                "protocol": "tcp",
                "security_groups": [],
                "self": false,
                "to_port": 22
              },
              {
                "cidr_blocks": [
                  "0.0.0.0/0"
                ],
                "description": "",
                "from_port": 80,
                "ipv6_cidr_blocks": [],
                "prefix_list_ids": [],
                "protocol": "tcp",
                "security_groups": [],
                "self": false,
                "to_port": 80
              }
            ],
            "id": "sg-0dfc7e9e6f98d5943",
            "ingress": [
              {
                "cidr_blocks": [
                  "0.0.0.0/0"
                ],
                "description": "",
                "from_port": 22,
                "ipv6_cidr_blocks": [],
                "prefix_list_ids": [],
                "protocol": "tcp",
                "security_groups": [],
                "self": false,
                "to_port": 22
              },
              {
                "cidr_blocks": [
                  "0.0.0.0/0"
                ],
                "description": "",
                "from_port": 443,
                "ipv6_cidr_blocks": [],
                "prefix_list_ids": [],
                "protocol": "tcp",
                "security_groups": [],
                "self": false,
                "to_port": 443
              },
              {
                "cidr_blocks": [
                  "0.0.0.0/0"
                ],
                "description": "",
                "from_port": 80,
                "ipv6_cidr_blocks": [],
                "prefix_list_ids": [],
                "protocol": "tcp",
                "security_groups": [],
                "self": false,
                "to_port": 80
              }
            ],
            "name": "terraform-20240502204007708400000003",
            "name_prefix": "terraform-",
            "owner_id": "381491958741",
            "revoke_rules_on_delete": false,
            "tags": {},
            "tags_all": {},
            "timeouts": null,
            "vpc_id": "vpc-0822c060ef50f06ff"
          },
          "sensitive_attributes": [],
          "private": "eyJlMmJmYjczMC1lY2FhLTExZTYtOGY4OC0zNDM2M2JjN2M0YzAiOnsiY3JlYXRlIjo2MDAwMDAwMDAwMDAsImRlbGV0ZSI6OTAwMDAwMDAwMDAwfSwic2NoZW1hX3ZlcnNpb24iOiIxIn0=",
          "dependencies": [
            "module.networking.aws_vpc.vpc"
          ]
        }
      ]
    },
    {
      "module": "module.networking",
      "mode": "data",
      "type": "aws_availability_zones",
      "name": "available",
      "provider": "provider[\"registry.terraform.io/hashicorp/aws\"]",
      "instances": [
        {
          "schema_version": 0,
          "attributes": {
            "all_availability_zones": null,
            "exclude_names": null,
            "exclude_zone_ids": null,
            "filter": null,
            "group_names": [
              "us-east-1"
            ],
            "id": "us-east-1",
            "names": [
              "us-east-1a",
              "us-east-1b",
              "us-east-1c",
              "us-east-1d",
              "us-east-1e",
              "us-east-1f"
            ],
            "state": "available",
            "timeouts": null,
            "zone_ids": [
              "use1-az2",
              "use1-az4",
              "use1-az6",
              "use1-az1",
              "use1-az3",
              "use1-az5"
            ]
          },
          "sensitive_attributes": []
        }
      ]
    },
    {
      "module": "module.networking",
      "mode": "managed",
      "type": "aws_eip",
      "name": "eip",
      "provider": "provider[\"registry.terraform.io/hashicorp/aws\"]",
      "instances": [
        {
          "schema_version": 0,
          "attributes": {
            "address": null,
            "allocation_id": "eipalloc-088a44b89acd24b9d",
            "arn": "arn:aws:ec2:us-east-1:381491958741:elastic-ip/eipalloc-088a44b89acd24b9d",
            "associate_with_private_ip": null,
            "association_id": "eipassoc-08379628c24fc9614",
            "carrier_ip": "",
            "customer_owned_ip": "",
            "customer_owned_ipv4_pool": "",
            "domain": "vpc",
            "id": "eipalloc-088a44b89acd24b9d",
            "instance": "",
            "network_border_group": "us-east-1",
            "network_interface": "eni-0a008129135759d60",
            "private_dns": "ip-10-0-1-161.ec2.internal",
            "private_ip": "10.0.1.161",
            "ptr_record": "",
            "public_dns": "ec2-3-92-220-198.compute-1.amazonaws.com",
            "public_ip": "3.92.220.198",
            "public_ipv4_pool": "amazon",
            "tags": {
              "Name": "Bermet-eip"
            },
            "tags_all": {
              "Name": "Bermet-eip"
            },
            "timeouts": null,
            "vpc": true
          },
          "sensitive_attributes": [],
          "private": "eyJlMmJmYjczMC1lY2FhLTExZTYtOGY4OC0zNDM2M2JjN2M0YzAiOnsiZGVsZXRlIjoxODAwMDAwMDAwMDAsInJlYWQiOjkwMDAwMDAwMDAwMCwidXBkYXRlIjozMDAwMDAwMDAwMDB9fQ=="
        }
      ]
    },
    {
      "module": "module.networking",
      "mode": "managed",
      "type": "aws_internet_gateway",
      "name": "igw",
      "provider": "provider[\"registry.terraform.io/hashicorp/aws\"]",
      "instances": [
        {
          "schema_version": 0,
          "attributes": {
            "arn": "arn:aws:ec2:us-east-1:381491958741:internet-gateway/igw-0e32a292d4715192f",
            "id": "igw-0e32a292d4715192f",
            "owner_id": "381491958741",
            "tags": {},
            "tags_all": {},
            "timeouts": null,
            "vpc_id": "vpc-0822c060ef50f06ff"
          },
          "sensitive_attributes": [],
          "private": "eyJlMmJmYjczMC1lY2FhLTExZTYtOGY4OC0zNDM2M2JjN2M0YzAiOnsiY3JlYXRlIjoxMjAwMDAwMDAwMDAwLCJkZWxldGUiOjEyMDAwMDAwMDAwMDAsInVwZGF0ZSI6MTIwMDAwMDAwMDAwMH19",
          "dependencies": [
            "module.networking.aws_vpc.vpc"
          ]
        }
      ]
    },
    {
      "module": "module.networking",
      "mode": "managed",
      "type": "aws_nat_gateway",
      "name": "NAT",
      "provider": "provider[\"registry.terraform.io/hashicorp/aws\"]",
      "instances": [
        {
          "schema_version": 0,
          "attributes": {
            "allocation_id": "eipalloc-088a44b89acd24b9d",
            "association_id": "eipassoc-08379628c24fc9614",
            "connectivity_type": "public",
            "id": "nat-0d73cb7be2fa977b9",
            "network_interface_id": "eni-0a008129135759d60",
            "private_ip": "10.0.1.161",
            "public_ip": "3.92.220.198",
            "secondary_allocation_ids": [],
            "secondary_private_ip_address_count": 0,
            "secondary_private_ip_addresses": [],
            "subnet_id": "subnet-0ba3025f45818107c",
            "tags": {},
            "tags_all": {},
            "timeouts": null
          },
          "sensitive_attributes": [],
          "private": "eyJlMmJmYjczMC1lY2FhLTExZTYtOGY4OC0zNDM2M2JjN2M0YzAiOnsiY3JlYXRlIjo2MDAwMDAwMDAwMDAsImRlbGV0ZSI6MTgwMDAwMDAwMDAwMCwidXBkYXRlIjo2MDAwMDAwMDAwMDB9fQ==",
          "dependencies": [
            "module.networking.aws_eip.eip",
            "module.networking.aws_subnet.public_subnet",
            "module.networking.aws_vpc.vpc",
            "module.networking.data.aws_availability_zones.available"
          ]
        }
      ]
    },
    {
      "module": "module.networking",
      "mode": "managed",
      "type": "aws_route",
      "name": "private-route",
      "provider": "provider[\"registry.terraform.io/hashicorp/aws\"]",
      "instances": [
        {
          "schema_version": 0,
          "attributes": {
            "carrier_gateway_id": "",
            "core_network_arn": "",
            "destination_cidr_block": "0.0.0.0/0",
            "destination_ipv6_cidr_block": "",
            "destination_prefix_list_id": "",
            "egress_only_gateway_id": "",
            "gateway_id": "",
            "id": "r-rtb-031952eac777ebddc1080289494",
            "instance_id": "",
            "instance_owner_id": "",
            "local_gateway_id": "",
            "nat_gateway_id": "nat-0d73cb7be2fa977b9",
            "network_interface_id": "",
            "origin": "CreateRoute",
            "route_table_id": "rtb-031952eac777ebddc",
            "state": "active",
            "timeouts": null,
            "transit_gateway_id": "",
            "vpc_endpoint_id": "",
            "vpc_peering_connection_id": ""
          },
          "sensitive_attributes": [],
          "private": "eyJlMmJmYjczMC1lY2FhLTExZTYtOGY4OC0zNDM2M2JjN2M0YzAiOnsiY3JlYXRlIjozMDAwMDAwMDAwMDAsImRlbGV0ZSI6MzAwMDAwMDAwMDAwLCJ1cGRhdGUiOjEyMDAwMDAwMDAwMH19",
          "dependencies": [
            "module.networking.aws_eip.eip",
            "module.networking.aws_nat_gateway.NAT",
            "module.networking.aws_route_table.private-rt",
            "module.networking.aws_subnet.public_subnet",
            "module.networking.aws_vpc.vpc",
            "module.networking.data.aws_availability_zones.available"
          ]
        }
      ]
    },
    {
      "module": "module.networking",
      "mode": "managed",
      "type": "aws_route",
      "name": "public-rt",
      "provider": "provider[\"registry.terraform.io/hashicorp/aws\"]",
      "instances": [
        {
          "schema_version": 0,
          "attributes": {
            "carrier_gateway_id": "",
            "core_network_arn": "",
            "destination_cidr_block": "0.0.0.0/0",
            "destination_ipv6_cidr_block": "",
            "destination_prefix_list_id": "",
            "egress_only_gateway_id": "",
            "gateway_id": "igw-0e32a292d4715192f",
            "id": "r-rtb-0458354c497176ae21080289494",
            "instance_id": "",
            "instance_owner_id": "",
            "local_gateway_id": "",
            "nat_gateway_id": "",
            "network_interface_id": "",
            "origin": "CreateRoute",
            "route_table_id": "rtb-0458354c497176ae2",
            "state": "active",
            "timeouts": null,
            "transit_gateway_id": "",
            "vpc_endpoint_id": "",
            "vpc_peering_connection_id": ""
          },
          "sensitive_attributes": [],
          "private": "eyJlMmJmYjczMC1lY2FhLTExZTYtOGY4OC0zNDM2M2JjN2M0YzAiOnsiY3JlYXRlIjozMDAwMDAwMDAwMDAsImRlbGV0ZSI6MzAwMDAwMDAwMDAwLCJ1cGRhdGUiOjEyMDAwMDAwMDAwMH19",
          "dependencies": [
            "module.networking.aws_internet_gateway.igw",
            "module.networking.aws_route_table.public-rt",
            "module.networking.aws_vpc.vpc"
          ]
        }
      ]
    },
    {
      "module": "module.networking",
      "mode": "managed",
      "type": "aws_route_table",
      "name": "private-rt",
      "provider": "provider[\"registry.terraform.io/hashicorp/aws\"]",
      "instances": [
        {
          "schema_version": 0,
          "attributes": {
            "arn": "arn:aws:ec2:us-east-1:381491958741:route-table/rtb-031952eac777ebddc",
            "id": "rtb-031952eac777ebddc",
            "owner_id": "381491958741",
            "propagating_vgws": [],
            "route": [
              {
                "carrier_gateway_id": "",
                "cidr_block": "0.0.0.0/0",
                "core_network_arn": "",
                "destination_prefix_list_id": "",
                "egress_only_gateway_id": "",
                "gateway_id": "",
                "ipv6_cidr_block": "",
                "local_gateway_id": "",
                "nat_gateway_id": "nat-0d73cb7be2fa977b9",
                "network_interface_id": "",
                "transit_gateway_id": "",
                "vpc_endpoint_id": "",
                "vpc_peering_connection_id": ""
              }
            ],
            "tags": {},
            "tags_all": {},
            "timeouts": null,
            "vpc_id": "vpc-0822c060ef50f06ff"
          },
          "sensitive_attributes": [],
          "private": "eyJlMmJmYjczMC1lY2FhLTExZTYtOGY4OC0zNDM2M2JjN2M0YzAiOnsiY3JlYXRlIjozMDAwMDAwMDAwMDAsImRlbGV0ZSI6MzAwMDAwMDAwMDAwLCJ1cGRhdGUiOjEyMDAwMDAwMDAwMH19",
          "dependencies": [
            "module.networking.aws_vpc.vpc"
          ]
        }
      ]
    },
    {
      "module": "module.networking",
      "mode": "managed",
      "type": "aws_route_table",
      "name": "public-rt",
      "provider": "provider[\"registry.terraform.io/hashicorp/aws\"]",
      "instances": [
        {
          "schema_version": 0,
          "attributes": {
            "arn": "arn:aws:ec2:us-east-1:381491958741:route-table/rtb-0458354c497176ae2",
            "id": "rtb-0458354c497176ae2",
            "owner_id": "381491958741",
            "propagating_vgws": [],
            "route": [
              {
                "carrier_gateway_id": "",
                "cidr_block": "0.0.0.0/0",
                "core_network_arn": "",
                "destination_prefix_list_id": "",
                "egress_only_gateway_id": "",
                "gateway_id": "igw-0e32a292d4715192f",
                "ipv6_cidr_block": "",
                "local_gateway_id": "",
                "nat_gateway_id": "",
                "network_interface_id": "",
                "transit_gateway_id": "",
                "vpc_endpoint_id": "",
                "vpc_peering_connection_id": ""
              }
            ],
            "tags": {},
            "tags_all": {},
            "timeouts": null,
            "vpc_id": "vpc-0822c060ef50f06ff"
          },
          "sensitive_attributes": [],
          "private": "eyJlMmJmYjczMC1lY2FhLTExZTYtOGY4OC0zNDM2M2JjN2M0YzAiOnsiY3JlYXRlIjozMDAwMDAwMDAwMDAsImRlbGV0ZSI6MzAwMDAwMDAwMDAwLCJ1cGRhdGUiOjEyMDAwMDAwMDAwMH19",
          "dependencies": [
            "module.networking.aws_vpc.vpc"
          ]
        }
      ]
    },
    {
      "module": "module.networking",
      "mode": "managed",
      "type": "aws_route_table_association",
      "name": "private-rt-associate",
      "provider": "provider[\"registry.terraform.io/hashicorp/aws\"]",
      "instances": [
        {
          "index_key": "10.0.4.0/24",
          "schema_version": 0,
          "attributes": {
            "gateway_id": "",
            "id": "rtbassoc-033a021e576ed1969",
            "route_table_id": "rtb-031952eac777ebddc",
            "subnet_id": "subnet-0048f852aa5f34086",
            "timeouts": null
          },
          "sensitive_attributes": [],
          "private": "eyJlMmJmYjczMC1lY2FhLTExZTYtOGY4OC0zNDM2M2JjN2M0YzAiOnsiY3JlYXRlIjozMDAwMDAwMDAwMDAsImRlbGV0ZSI6MzAwMDAwMDAwMDAwLCJ1cGRhdGUiOjEyMDAwMDAwMDAwMH19",
          "dependencies": [
            "module.networking.aws_route_table.private-rt",
            "module.networking.aws_subnet.private_subnet",
            "module.networking.aws_vpc.vpc",
            "module.networking.data.aws_availability_zones.available"
          ]
        },
        {
          "index_key": "10.0.5.0/24",
          "schema_version": 0,
          "attributes": {
            "gateway_id": "",
            "id": "rtbassoc-05e7c955331804881",
            "route_table_id": "rtb-031952eac777ebddc",
            "subnet_id": "subnet-0f242c002051303e9",
            "timeouts": null
          },
          "sensitive_attributes": [],
          "private": "eyJlMmJmYjczMC1lY2FhLTExZTYtOGY4OC0zNDM2M2JjN2M0YzAiOnsiY3JlYXRlIjozMDAwMDAwMDAwMDAsImRlbGV0ZSI6MzAwMDAwMDAwMDAwLCJ1cGRhdGUiOjEyMDAwMDAwMDAwMH19",
          "dependencies": [
            "module.networking.aws_route_table.private-rt",
            "module.networking.aws_subnet.private_subnet",
            "module.networking.aws_vpc.vpc",
            "module.networking.data.aws_availability_zones.available"
          ]
        },
        {
          "index_key": "10.0.6.0/24",
          "schema_version": 0,
          "attributes": {
            "gateway_id": "",
            "id": "rtbassoc-0a4d72d70e285f5fc",
            "route_table_id": "rtb-031952eac777ebddc",
            "subnet_id": "subnet-0c4ad135711b002bf",
            "timeouts": null
          },
          "sensitive_attributes": [],
          "private": "eyJlMmJmYjczMC1lY2FhLTExZTYtOGY4OC0zNDM2M2JjN2M0YzAiOnsiY3JlYXRlIjozMDAwMDAwMDAwMDAsImRlbGV0ZSI6MzAwMDAwMDAwMDAwLCJ1cGRhdGUiOjEyMDAwMDAwMDAwMH19",
          "dependencies": [
            "module.networking.aws_route_table.private-rt",
            "module.networking.aws_subnet.private_subnet",
            "module.networking.aws_vpc.vpc",
            "module.networking.data.aws_availability_zones.available"
          ]
        }
      ]
    },
    {
      "module": "module.networking",
      "mode": "managed",
      "type": "aws_route_table_association",
      "name": "public-rt-associate",
      "provider": "provider[\"registry.terraform.io/hashicorp/aws\"]",
      "instances": [
        {
          "index_key": "10.0.1.0/24",
          "schema_version": 0,
          "attributes": {
            "gateway_id": "",
            "id": "rtbassoc-048083cc8ef122e9d",
            "route_table_id": "rtb-0458354c497176ae2",
            "subnet_id": "subnet-0ba3025f45818107c",
            "timeouts": null
          },
          "sensitive_attributes": [],
          "private": "eyJlMmJmYjczMC1lY2FhLTExZTYtOGY4OC0zNDM2M2JjN2M0YzAiOnsiY3JlYXRlIjozMDAwMDAwMDAwMDAsImRlbGV0ZSI6MzAwMDAwMDAwMDAwLCJ1cGRhdGUiOjEyMDAwMDAwMDAwMH19",
          "dependencies": [
            "module.networking.aws_route_table.public-rt",
            "module.networking.aws_subnet.public_subnet",
            "module.networking.aws_vpc.vpc",
            "module.networking.data.aws_availability_zones.available"
          ]
        },
        {
          "index_key": "10.0.2.0/24",
          "schema_version": 0,
          "attributes": {
            "gateway_id": "",
            "id": "rtbassoc-0e597d599e37d20b1",
            "route_table_id": "rtb-0458354c497176ae2",
            "subnet_id": "subnet-0a959d9f853332769",
            "timeouts": null
          },
          "sensitive_attributes": [],
          "private": "eyJlMmJmYjczMC1lY2FhLTExZTYtOGY4OC0zNDM2M2JjN2M0YzAiOnsiY3JlYXRlIjozMDAwMDAwMDAwMDAsImRlbGV0ZSI6MzAwMDAwMDAwMDAwLCJ1cGRhdGUiOjEyMDAwMDAwMDAwMH19",
          "dependencies": [
            "module.networking.aws_route_table.public-rt",
            "module.networking.aws_subnet.public_subnet",
            "module.networking.aws_vpc.vpc",
            "module.networking.data.aws_availability_zones.available"
          ]
        },
        {
          "index_key": "10.0.3.0/24",
          "schema_version": 0,
          "attributes": {
            "gateway_id": "",
            "id": "rtbassoc-0c29675e3d397eb31",
            "route_table_id": "rtb-0458354c497176ae2",
            "subnet_id": "subnet-01d57aae785ca0b91",
            "timeouts": null
          },
          "sensitive_attributes": [],
          "private": "eyJlMmJmYjczMC1lY2FhLTExZTYtOGY4OC0zNDM2M2JjN2M0YzAiOnsiY3JlYXRlIjozMDAwMDAwMDAwMDAsImRlbGV0ZSI6MzAwMDAwMDAwMDAwLCJ1cGRhdGUiOjEyMDAwMDAwMDAwMH19",
          "dependencies": [
            "module.networking.aws_route_table.public-rt",
            "module.networking.aws_subnet.public_subnet",
            "module.networking.aws_vpc.vpc",
            "module.networking.data.aws_availability_zones.available"
          ]
        }
      ]
    },
    {
      "module": "module.networking",
      "mode": "managed",
      "type": "aws_subnet",
      "name": "private_subnet",
      "provider": "provider[\"registry.terraform.io/hashicorp/aws\"]",
      "instances": [
        {
          "index_key": "10.0.4.0/24",
          "schema_version": 1,
          "attributes": {
            "arn": "arn:aws:ec2:us-east-1:381491958741:subnet/subnet-0048f852aa5f34086",
            "assign_ipv6_address_on_creation": false,
            "availability_zone": "us-east-1a",
            "availability_zone_id": "use1-az2",
            "cidr_block": "10.0.4.0/24",
            "customer_owned_ipv4_pool": "",
            "enable_dns64": false,
            "enable_lni_at_device_index": 0,
            "enable_resource_name_dns_a_record_on_launch": false,
            "enable_resource_name_dns_aaaa_record_on_launch": false,
            "id": "subnet-0048f852aa5f34086",
            "ipv6_cidr_block": "",
            "ipv6_cidr_block_association_id": "",
            "ipv6_native": false,
            "map_customer_owned_ip_on_launch": false,
            "map_public_ip_on_launch": false,
            "outpost_arn": "",
            "owner_id": "381491958741",
            "private_dns_hostname_type_on_launch": "ip-name",
            "tags": {
              "Name": "Bermet-private-subnet-10.0.4.0/24"
            },
            "tags_all": {
              "Name": "Bermet-private-subnet-10.0.4.0/24"
            },
            "timeouts": null,
            "vpc_id": "vpc-0822c060ef50f06ff"
          },
          "sensitive_attributes": [],
          "private": "eyJlMmJmYjczMC1lY2FhLTExZTYtOGY4OC0zNDM2M2JjN2M0YzAiOnsiY3JlYXRlIjo2MDAwMDAwMDAwMDAsImRlbGV0ZSI6MTIwMDAwMDAwMDAwMH0sInNjaGVtYV92ZXJzaW9uIjoiMSJ9",
          "dependencies": [
            "module.networking.aws_vpc.vpc",
            "module.networking.data.aws_availability_zones.available"
          ]
        },
        {
          "index_key": "10.0.5.0/24",
          "schema_version": 1,
          "attributes": {
            "arn": "arn:aws:ec2:us-east-1:381491958741:subnet/subnet-0f242c002051303e9",
            "assign_ipv6_address_on_creation": false,
            "availability_zone": "us-east-1b",
            "availability_zone_id": "use1-az4",
            "cidr_block": "10.0.5.0/24",
            "customer_owned_ipv4_pool": "",
            "enable_dns64": false,
            "enable_lni_at_device_index": 0,
            "enable_resource_name_dns_a_record_on_launch": false,
            "enable_resource_name_dns_aaaa_record_on_launch": false,
            "id": "subnet-0f242c002051303e9",
            "ipv6_cidr_block": "",
            "ipv6_cidr_block_association_id": "",
            "ipv6_native": false,
            "map_customer_owned_ip_on_launch": false,
            "map_public_ip_on_launch": false,
            "outpost_arn": "",
            "owner_id": "381491958741",
            "private_dns_hostname_type_on_launch": "ip-name",
            "tags": {
              "Name": "Bermet-private-subnet-10.0.5.0/24"
            },
            "tags_all": {
              "Name": "Bermet-private-subnet-10.0.5.0/24"
            },
            "timeouts": null,
            "vpc_id": "vpc-0822c060ef50f06ff"
          },
          "sensitive_attributes": [],
          "private": "eyJlMmJmYjczMC1lY2FhLTExZTYtOGY4OC0zNDM2M2JjN2M0YzAiOnsiY3JlYXRlIjo2MDAwMDAwMDAwMDAsImRlbGV0ZSI6MTIwMDAwMDAwMDAwMH0sInNjaGVtYV92ZXJzaW9uIjoiMSJ9",
          "dependencies": [
            "module.networking.aws_vpc.vpc",
            "module.networking.data.aws_availability_zones.available"
          ]
        },
        {
          "index_key": "10.0.6.0/24",
          "schema_version": 1,
          "attributes": {
            "arn": "arn:aws:ec2:us-east-1:381491958741:subnet/subnet-0c4ad135711b002bf",
            "assign_ipv6_address_on_creation": false,
            "availability_zone": "us-east-1c",
            "availability_zone_id": "use1-az6",
            "cidr_block": "10.0.6.0/24",
            "customer_owned_ipv4_pool": "",
            "enable_dns64": false,
            "enable_lni_at_device_index": 0,
            "enable_resource_name_dns_a_record_on_launch": false,
            "enable_resource_name_dns_aaaa_record_on_launch": false,
            "id": "subnet-0c4ad135711b002bf",
            "ipv6_cidr_block": "",
            "ipv6_cidr_block_association_id": "",
            "ipv6_native": false,
            "map_customer_owned_ip_on_launch": false,
            "map_public_ip_on_launch": false,
            "outpost_arn": "",
            "owner_id": "381491958741",
            "private_dns_hostname_type_on_launch": "ip-name",
            "tags": {
              "Name": "Bermet-private-subnet-10.0.6.0/24"
            },
            "tags_all": {
              "Name": "Bermet-private-subnet-10.0.6.0/24"
            },
            "timeouts": null,
            "vpc_id": "vpc-0822c060ef50f06ff"
          },
          "sensitive_attributes": [],
          "private": "eyJlMmJmYjczMC1lY2FhLTExZTYtOGY4OC0zNDM2M2JjN2M0YzAiOnsiY3JlYXRlIjo2MDAwMDAwMDAwMDAsImRlbGV0ZSI6MTIwMDAwMDAwMDAwMH0sInNjaGVtYV92ZXJzaW9uIjoiMSJ9",
          "dependencies": [
            "module.networking.aws_vpc.vpc",
            "module.networking.data.aws_availability_zones.available"
          ]
        }
      ]
    },
    {
      "module": "module.networking",
      "mode": "managed",
      "type": "aws_subnet",
      "name": "public_subnet",
      "provider": "provider[\"registry.terraform.io/hashicorp/aws\"]",
      "instances": [
        {
          "index_key": "10.0.1.0/24",
          "schema_version": 1,
          "attributes": {
            "arn": "arn:aws:ec2:us-east-1:381491958741:subnet/subnet-0ba3025f45818107c",
            "assign_ipv6_address_on_creation": false,
            "availability_zone": "us-east-1a",
            "availability_zone_id": "use1-az2",
            "cidr_block": "10.0.1.0/24",
            "customer_owned_ipv4_pool": "",
            "enable_dns64": false,
            "enable_lni_at_device_index": 0,
            "enable_resource_name_dns_a_record_on_launch": false,
            "enable_resource_name_dns_aaaa_record_on_launch": false,
            "id": "subnet-0ba3025f45818107c",
            "ipv6_cidr_block": "",
            "ipv6_cidr_block_association_id": "",
            "ipv6_native": false,
            "map_customer_owned_ip_on_launch": false,
            "map_public_ip_on_launch": true,
            "outpost_arn": "",
            "owner_id": "381491958741",
            "private_dns_hostname_type_on_launch": "ip-name",
            "tags": {
              "Name": "Bermet-public-subnet-10.0.1.0/24"
            },
            "tags_all": {
              "Name": "Bermet-public-subnet-10.0.1.0/24"
            },
            "timeouts": null,
            "vpc_id": "vpc-0822c060ef50f06ff"
          },
          "sensitive_attributes": [],
          "private": "eyJlMmJmYjczMC1lY2FhLTExZTYtOGY4OC0zNDM2M2JjN2M0YzAiOnsiY3JlYXRlIjo2MDAwMDAwMDAwMDAsImRlbGV0ZSI6MTIwMDAwMDAwMDAwMH0sInNjaGVtYV92ZXJzaW9uIjoiMSJ9",
          "dependencies": [
            "module.networking.aws_vpc.vpc",
            "module.networking.data.aws_availability_zones.available"
          ]
        },
        {
          "index_key": "10.0.2.0/24",
          "schema_version": 1,
          "attributes": {
            "arn": "arn:aws:ec2:us-east-1:381491958741:subnet/subnet-0a959d9f853332769",
            "assign_ipv6_address_on_creation": false,
            "availability_zone": "us-east-1b",
            "availability_zone_id": "use1-az4",
            "cidr_block": "10.0.2.0/24",
            "customer_owned_ipv4_pool": "",
            "enable_dns64": false,
            "enable_lni_at_device_index": 0,
            "enable_resource_name_dns_a_record_on_launch": false,
            "enable_resource_name_dns_aaaa_record_on_launch": false,
            "id": "subnet-0a959d9f853332769",
            "ipv6_cidr_block": "",
            "ipv6_cidr_block_association_id": "",
            "ipv6_native": false,
            "map_customer_owned_ip_on_launch": false,
            "map_public_ip_on_launch": true,
            "outpost_arn": "",
            "owner_id": "381491958741",
            "private_dns_hostname_type_on_launch": "ip-name",
            "tags": {
              "Name": "Bermet-public-subnet-10.0.2.0/24"
            },
            "tags_all": {
              "Name": "Bermet-public-subnet-10.0.2.0/24"
            },
            "timeouts": null,
            "vpc_id": "vpc-0822c060ef50f06ff"
          },
          "sensitive_attributes": [],
          "private": "eyJlMmJmYjczMC1lY2FhLTExZTYtOGY4OC0zNDM2M2JjN2M0YzAiOnsiY3JlYXRlIjo2MDAwMDAwMDAwMDAsImRlbGV0ZSI6MTIwMDAwMDAwMDAwMH0sInNjaGVtYV92ZXJzaW9uIjoiMSJ9",
          "dependencies": [
            "module.networking.aws_vpc.vpc",
            "module.networking.data.aws_availability_zones.available"
          ]
        },
        {
          "index_key": "10.0.3.0/24",
          "schema_version": 1,
          "attributes": {
            "arn": "arn:aws:ec2:us-east-1:381491958741:subnet/subnet-01d57aae785ca0b91",
            "assign_ipv6_address_on_creation": false,
            "availability_zone": "us-east-1c",
            "availability_zone_id": "use1-az6",
            "cidr_block": "10.0.3.0/24",
            "customer_owned_ipv4_pool": "",
            "enable_dns64": false,
            "enable_lni_at_device_index": 0,
            "enable_resource_name_dns_a_record_on_launch": false,
            "enable_resource_name_dns_aaaa_record_on_launch": false,
            "id": "subnet-01d57aae785ca0b91",
            "ipv6_cidr_block": "",
            "ipv6_cidr_block_association_id": "",
            "ipv6_native": false,
            "map_customer_owned_ip_on_launch": false,
            "map_public_ip_on_launch": true,
            "outpost_arn": "",
            "owner_id": "381491958741",
            "private_dns_hostname_type_on_launch": "ip-name",
            "tags": {
              "Name": "Bermet-public-subnet-10.0.3.0/24"
            },
            "tags_all": {
              "Name": "Bermet-public-subnet-10.0.3.0/24"
            },
            "timeouts": null,
            "vpc_id": "vpc-0822c060ef50f06ff"
          },
          "sensitive_attributes": [],
          "private": "eyJlMmJmYjczMC1lY2FhLTExZTYtOGY4OC0zNDM2M2JjN2M0YzAiOnsiY3JlYXRlIjo2MDAwMDAwMDAwMDAsImRlbGV0ZSI6MTIwMDAwMDAwMDAwMH0sInNjaGVtYV92ZXJzaW9uIjoiMSJ9",
          "dependencies": [
            "module.networking.aws_vpc.vpc",
            "module.networking.data.aws_availability_zones.available"
          ]
        }
      ]
    },
    {
      "module": "module.networking",
      "mode": "managed",
      "type": "aws_vpc",
      "name": "vpc",
      "provider": "provider[\"registry.terraform.io/hashicorp/aws\"]",
      "instances": [
        {
          "schema_version": 1,
          "attributes": {
            "arn": "arn:aws:ec2:us-east-1:381491958741:vpc/vpc-0822c060ef50f06ff",
            "assign_generated_ipv6_cidr_block": false,
            "cidr_block": "10.0.0.0/16",
            "default_network_acl_id": "acl-01d3bb6c7df31fc4a",
            "default_route_table_id": "rtb-017269af21f517f9f",
            "default_security_group_id": "sg-07845e24730c0795a",
            "dhcp_options_id": "dopt-0b30db26f8a12ea76",
            "enable_dns_hostnames": true,
            "enable_dns_support": true,
            "enable_network_address_usage_metrics": false,
            "id": "vpc-0822c060ef50f06ff",
            "instance_tenancy": "default",
            "ipv4_ipam_pool_id": null,
            "ipv4_netmask_length": null,
            "ipv6_association_id": "",
            "ipv6_cidr_block": "",
            "ipv6_cidr_block_network_border_group": "",
            "ipv6_ipam_pool_id": "",
            "ipv6_netmask_length": 0,
            "main_route_table_id": "rtb-017269af21f517f9f",
            "owner_id": "381491958741",
            "tags": {
              "Name": "Bermet"
            },
            "tags_all": {
              "Name": "Bermet"
            }
          },
          "sensitive_attributes": [],
          "private": "eyJzY2hlbWFfdmVyc2lvbiI6IjEifQ==",
          "create_before_destroy": true
        }
      ]
    }
  ],
  "check_results": [
    {
      "object_kind": "var",
      "config_addr": "module.alb.module.default_load_balancer_label.var.id_length_limit",
      "status": "pass",
      "objects": [
        {
          "object_addr": "module.alb.module.default_load_balancer_label.var.id_length_limit",
          "status": "pass"
        }
      ]
    },
    {
      "object_kind": "var",
      "config_addr": "module.alb.module.access_logs.module.s3_bucket.module.this.var.label_key_case",
      "status": "pass",
      "objects": [
        {
          "object_addr": "module.alb.module.access_logs.module.s3_bucket.module.this.var.label_key_case",
          "status": "pass"
        }
      ]
    },
    {
      "object_kind": "var",
      "config_addr": "module.alb.module.default_target_group_label.var.label_key_case",
      "status": "unknown",
      "objects": [
        {
          "object_addr": "module.alb.module.default_target_group_label.var.label_key_case",
          "status": "unknown"
        }
      ]
    },
    {
      "object_kind": "var",
      "config_addr": "module.alb.module.access_logs.module.s3_bucket.module.aws_s3_bucket.module.s3_user.module.s3_user.module.this.var.label_value_case",
      "status": "unknown",
      "objects": [
        {
          "object_addr": "module.alb.module.access_logs.module.s3_bucket.module.aws_s3_bucket.module.s3_user.module.s3_user.module.this.var.label_value_case",
          "status": "unknown"
        }
      ]
    },
    {
      "object_kind": "var",
      "config_addr": "module.alb.module.access_logs.module.s3_bucket.module.aws_s3_bucket.var.label_key_case",
      "status": "pass",
      "objects": [
        {
          "object_addr": "module.alb.module.access_logs.module.s3_bucket.module.aws_s3_bucket.var.label_key_case",
          "status": "pass"
        }
      ]
    },
    {
      "object_kind": "var",
      "config_addr": "module.alb.module.this.var.label_value_case",
      "status": "pass",
      "objects": [
        {
          "object_addr": "module.alb.module.this.var.label_value_case",
          "status": "pass"
        }
      ]
    },
    {
      "object_kind": "var",
      "config_addr": "module.alb.module.default_load_balancer_label.var.label_key_case",
      "status": "pass",
      "objects": [
        {
          "object_addr": "module.alb.module.default_load_balancer_label.var.label_key_case",
          "status": "pass"
        }
      ]
    },
    {
      "object_kind": "var",
      "config_addr": "module.alb.module.access_logs.module.s3_bucket.module.aws_s3_bucket.module.this.var.context",
      "status": "pass",
      "objects": [
        {
          "object_addr": "module.alb.module.access_logs.module.s3_bucket.module.aws_s3_bucket.module.this.var.context",
          "status": "pass"
        }
      ]
    },
    {
      "object_kind": "var",
      "config_addr": "module.alb.module.access_logs.module.s3_bucket.module.aws_s3_bucket.module.s3_user.module.this.var.label_value_case",
      "status": "unknown",
      "objects": [
        {
          "object_addr": "module.alb.module.access_logs.module.s3_bucket.module.aws_s3_bucket.module.s3_user.module.this.var.label_value_case",
          "status": "unknown"
        }
      ]
    },
    {
      "object_kind": "var",
      "config_addr": "module.alb.module.access_logs.module.s3_bucket.module.aws_s3_bucket.module.this.var.label_key_case",
      "status": "pass",
      "objects": [
        {
          "object_addr": "module.alb.module.access_logs.module.s3_bucket.module.aws_s3_bucket.module.this.var.label_key_case",
          "status": "pass"
        }
      ]
    },
    {
      "object_kind": "var",
      "config_addr": "module.alb.module.access_logs.module.s3_bucket.module.bucket_name.var.context",
      "status": "pass",
      "objects": [
        {
          "object_addr": "module.alb.module.access_logs.module.s3_bucket.module.bucket_name.var.context",
          "status": "pass"
        }
      ]
    },
    {
      "object_kind": "var",
      "config_addr": "module.alb.module.access_logs.module.s3_bucket.module.aws_s3_bucket.module.s3_user.module.s3_user.var.label_value_case",
      "status": "unknown",
      "objects": [
        {
          "object_addr": "module.alb.module.access_logs.module.s3_bucket.module.aws_s3_bucket.module.s3_user.module.s3_user.var.label_value_case",
          "status": "unknown"
        }
      ]
    },
    {
      "object_kind": "var",
      "config_addr": "module.alb.module.access_logs.module.s3_bucket.var.label_value_case",
      "status": "pass",
      "objects": [
        {
          "object_addr": "module.alb.module.access_logs.module.s3_bucket.var.label_value_case",
          "status": "pass"
        }
      ]
    },
    {
      "object_kind": "var",
      "config_addr": "module.alb.module.access_logs.module.s3_bucket.module.bucket_name.var.id_length_limit",
      "status": "pass",
      "objects": [
        {
          "object_addr": "module.alb.module.access_logs.module.s3_bucket.module.bucket_name.var.id_length_limit",
          "status": "pass"
        }
      ]
    },
    {
      "object_kind": "var",
      "config_addr": "module.alb.module.access_logs.module.s3_bucket.module.aws_s3_bucket.module.s3_user.module.s3_user.module.this.var.id_length_limit",
      "status": "unknown",
      "objects": [
        {
          "object_addr": "module.alb.module.access_logs.module.s3_bucket.module.aws_s3_bucket.module.s3_user.module.s3_user.module.this.var.id_length_limit",
          "status": "unknown"
        }
      ]
    },
    {
      "object_kind": "var",
      "config_addr": "module.alb.var.context",
      "status": "pass",
      "objects": [
        {
          "object_addr": "module.alb.var.context",
          "status": "pass"
        }
      ]
    },
    {
      "object_kind": "var",
      "config_addr": "module.alb.module.access_logs.var.label_value_case",
      "status": "pass",
      "objects": [
        {
          "object_addr": "module.alb.module.access_logs.var.label_value_case",
          "status": "pass"
        }
      ]
    },
    {
      "object_kind": "var",
      "config_addr": "module.alb.module.access_logs.module.s3_bucket.module.aws_s3_bucket.module.s3_user.module.this.var.context",
      "status": "unknown",
      "objects": [
        {
          "object_addr": "module.alb.module.access_logs.module.s3_bucket.module.aws_s3_bucket.module.s3_user.module.this.var.context",
          "status": "unknown"
        }
      ]
    },
    {
      "object_kind": "var",
      "config_addr": "module.alb.module.access_logs.module.s3_bucket.module.aws_s3_bucket.module.s3_user.module.this.var.label_key_case",
      "status": "unknown",
      "objects": [
        {
          "object_addr": "module.alb.module.access_logs.module.s3_bucket.module.aws_s3_bucket.module.s3_user.module.this.var.label_key_case",
          "status": "unknown"
        }
      ]
    },
    {
      "object_kind": "var",
      "config_addr": "module.alb.module.access_logs.module.s3_bucket.module.aws_s3_bucket.module.s3_user.module.s3_user.module.store_write.module.this.var.label_key_case",
      "status": "pass",
      "objects": null
    },
    {
      "object_kind": "var",
      "config_addr": "module.alb.module.access_logs.module.s3_bucket.module.this.var.id_length_limit",
      "status": "pass",
      "objects": [
        {
          "object_addr": "module.alb.module.access_logs.module.s3_bucket.module.this.var.id_length_limit",
          "status": "pass"
        }
      ]
    },
    {
      "object_kind": "var",
      "config_addr": "module.alb.module.access_logs.module.s3_bucket.module.aws_s3_bucket.module.s3_user.module.s3_user.module.store_write.module.this.var.label_value_case",
      "status": "pass",
      "objects": null
    },
    {
      "object_kind": "var",
      "config_addr": "module.alb.module.access_logs.module.s3_bucket.module.aws_s3_bucket.var.label_value_case",
      "status": "pass",
      "objects": [
        {
          "object_addr": "module.alb.module.access_logs.module.s3_bucket.module.aws_s3_bucket.var.label_value_case",
          "status": "pass"
        }
      ]
    },
    {
      "object_kind": "var",
      "config_addr": "module.alb.module.access_logs.module.s3_bucket.module.bucket_name.var.label_value_case",
      "status": "pass",
      "objects": [
        {
          "object_addr": "module.alb.module.access_logs.module.s3_bucket.module.bucket_name.var.label_value_case",
          "status": "pass"
        }
      ]
    },
    {
      "object_kind": "var",
      "config_addr": "module.alb.module.access_logs.module.s3_bucket.module.aws_s3_bucket.module.s3_user.module.s3_user.module.store_write.var.id_length_limit",
      "status": "pass",
      "objects": null
    },
    {
      "object_kind": "var",
      "config_addr": "module.alb.module.access_logs.module.s3_bucket.module.aws_s3_bucket.module.s3_user.module.s3_user.module.store_write.module.this.var.id_length_limit",
      "status": "pass",
      "objects": null
    },
    {
      "object_kind": "var",
      "config_addr": "module.alb.module.access_logs.module.s3_bucket.module.aws_s3_bucket.module.s3_user.var.label_key_case",
      "status": "unknown",
      "objects": [
        {
          "object_addr": "module.alb.module.access_logs.module.s3_bucket.module.aws_s3_bucket.module.s3_user.var.label_key_case",
          "status": "unknown"
        }
      ]
    },
    {
      "object_kind": "var",
      "config_addr": "module.alb.module.access_logs.module.s3_bucket.var.label_key_case",
      "status": "pass",
      "objects": [
        {
          "object_addr": "module.alb.module.access_logs.module.s3_bucket.var.label_key_case",
          "status": "pass"
        }
      ]
    },
    {
      "object_kind": "var",
      "config_addr": "module.alb.module.default_load_balancer_label.var.context",
      "status": "pass",
      "objects": [
        {
          "object_addr": "module.alb.module.default_load_balancer_label.var.context",
          "status": "pass"
        }
      ]
    },
    {
      "object_kind": "var",
      "config_addr": "module.alb.module.access_logs.module.this.var.context",
      "status": "pass",
      "objects": [
        {
          "object_addr": "module.alb.module.access_logs.module.this.var.context",
          "status": "pass"
        }
      ]
    },
    {
      "object_kind": "var",
      "config_addr": "module.alb.module.default_load_balancer_label.var.label_value_case",
      "status": "pass",
      "objects": [
        {
          "object_addr": "module.alb.module.default_load_balancer_label.var.label_value_case",
          "status": "pass"
        }
      ]
    },
    {
      "object_kind": "var",
      "config_addr": "module.alb.module.access_logs.module.s3_bucket.module.aws_s3_bucket.module.s3_user.module.this.var.id_length_limit",
      "status": "unknown",
      "objects": [
        {
          "object_addr": "module.alb.module.access_logs.module.s3_bucket.module.aws_s3_bucket.module.s3_user.module.this.var.id_length_limit",
          "status": "unknown"
        }
      ]
    },
    {
      "object_kind": "var",
      "config_addr": "module.alb.module.access_logs.module.s3_bucket.module.aws_s3_bucket.module.s3_user.var.id_length_limit",
      "status": "unknown",
      "objects": [
        {
          "object_addr": "module.alb.module.access_logs.module.s3_bucket.module.aws_s3_bucket.module.s3_user.var.id_length_limit",
          "status": "unknown"
        }
      ]
    },
    {
      "object_kind": "var",
      "config_addr": "module.alb.module.access_logs.module.s3_bucket.module.aws_s3_bucket.module.s3_user.module.s3_user.module.store_write.var.label_key_case",
      "status": "pass",
      "objects": null
    },
    {
      "object_kind": "var",
      "config_addr": "module.alb.module.access_logs.var.label_key_case",
      "status": "pass",
      "objects": [
        {
          "object_addr": "module.alb.module.access_logs.var.label_key_case",
          "status": "pass"
        }
      ]
    },
    {
      "object_kind": "var",
      "config_addr": "module.alb.module.access_logs.module.this.var.label_key_case",
      "status": "pass",
      "objects": [
        {
          "object_addr": "module.alb.module.access_logs.module.this.var.label_key_case",
          "status": "pass"
        }
      ]
    },
    {
      "object_kind": "var",
      "config_addr": "module.alb.var.label_key_case",
      "status": "pass",
      "objects": [
        {
          "object_addr": "module.alb.var.label_key_case",
          "status": "pass"
        }
      ]
    },
    {
      "object_kind": "var",
      "config_addr": "module.alb.module.access_logs.module.s3_bucket.module.aws_s3_bucket.var.website_redirect_all_requests_to",
      "status": "unknown",
      "objects": [
        {
          "object_addr": "module.alb.module.access_logs.module.s3_bucket.module.aws_s3_bucket.var.website_redirect_all_requests_to",
          "status": "unknown"
        }
      ]
    },
    {
      "object_kind": "var",
      "config_addr": "module.alb.module.this.var.context",
      "status": "pass",
      "objects": [
        {
          "object_addr": "module.alb.module.this.var.context",
          "status": "pass"
        }
      ]
    },
    {
      "object_kind": "var",
      "config_addr": "module.alb.module.access_logs.module.s3_bucket.module.aws_s3_bucket.module.s3_user.var.context",
      "status": "unknown",
      "objects": [
        {
          "object_addr": "module.alb.module.access_logs.module.s3_bucket.module.aws_s3_bucket.module.s3_user.var.context",
          "status": "unknown"
        }
      ]
    },
    {
      "object_kind": "var",
      "config_addr": "module.alb.module.access_logs.module.s3_bucket.module.aws_s3_bucket.module.this.var.id_length_limit",
      "status": "pass",
      "objects": [
        {
          "object_addr": "module.alb.module.access_logs.module.s3_bucket.module.aws_s3_bucket.module.this.var.id_length_limit",
          "status": "pass"
        }
      ]
    },
    {
      "object_kind": "var",
      "config_addr": "module.alb.var.label_value_case",
      "status": "pass",
      "objects": [
        {
          "object_addr": "module.alb.var.label_value_case",
          "status": "pass"
        }
      ]
    },
    {
      "object_kind": "var",
      "config_addr": "module.alb.module.access_logs.module.s3_bucket.var.id_length_limit",
      "status": "pass",
      "objects": [
        {
          "object_addr": "module.alb.module.access_logs.module.s3_bucket.var.id_length_limit",
          "status": "pass"
        }
      ]
    },
    {
      "object_kind": "var",
      "config_addr": "module.alb.module.access_logs.module.s3_bucket.module.aws_s3_bucket.module.s3_user.module.s3_user.module.store_write.var.context",
      "status": "pass",
      "objects": null
    },
    {
      "object_kind": "var",
      "config_addr": "module.alb.module.access_logs.module.this.var.label_value_case",
      "status": "pass",
      "objects": [
        {
          "object_addr": "module.alb.module.access_logs.module.this.var.label_value_case",
          "status": "pass"
        }
      ]
    },
    {
      "object_kind": "var",
      "config_addr": "module.alb.module.access_logs.var.id_length_limit",
      "status": "pass",
      "objects": [
        {
          "object_addr": "module.alb.module.access_logs.var.id_length_limit",
          "status": "pass"
        }
      ]
    },
    {
      "object_kind": "var",
      "config_addr": "module.alb.module.access_logs.module.s3_bucket.module.aws_s3_bucket.var.website_configuration",
      "status": "unknown",
      "objects": [
        {
          "object_addr": "module.alb.module.access_logs.module.s3_bucket.module.aws_s3_bucket.var.website_configuration",
          "status": "unknown"
        }
      ]
    },
    {
      "object_kind": "var",
      "config_addr": "module.alb.module.this.var.label_key_case",
      "status": "pass",
      "objects": [
        {
          "object_addr": "module.alb.module.this.var.label_key_case",
          "status": "pass"
        }
      ]
    },
    {
      "object_kind": "var",
      "config_addr": "module.alb.module.this.var.id_length_limit",
      "status": "pass",
      "objects": [
        {
          "object_addr": "module.alb.module.this.var.id_length_limit",
          "status": "pass"
        }
      ]
    },
    {
      "object_kind": "var",
      "config_addr": "module.alb.module.default_target_group_label.var.label_value_case",
      "status": "unknown",
      "objects": [
        {
          "object_addr": "module.alb.module.default_target_group_label.var.label_value_case",
          "status": "unknown"
        }
      ]
    },
    {
      "object_kind": "var",
      "config_addr": "module.alb.module.access_logs.module.s3_bucket.module.aws_s3_bucket.module.s3_user.module.s3_user.var.context",
      "status": "unknown",
      "objects": [
        {
          "object_addr": "module.alb.module.access_logs.module.s3_bucket.module.aws_s3_bucket.module.s3_user.module.s3_user.var.context",
          "status": "unknown"
        }
      ]
    },
    {
      "object_kind": "var",
      "config_addr": "module.alb.module.access_logs.var.context",
      "status": "pass",
      "objects": [
        {
          "object_addr": "module.alb.module.access_logs.var.context",
          "status": "pass"
        }
      ]
    },
    {
      "object_kind": "var",
      "config_addr": "module.alb.module.access_logs.module.s3_bucket.module.aws_s3_bucket.var.id_length_limit",
      "status": "pass",
      "objects": [
        {
          "object_addr": "module.alb.module.access_logs.module.s3_bucket.module.aws_s3_bucket.var.id_length_limit",
          "status": "pass"
        }
      ]
    },
    {
      "object_kind": "var",
      "config_addr": "module.alb.module.access_logs.module.s3_bucket.module.aws_s3_bucket.module.s3_user.module.s3_user.var.id_length_limit",
      "status": "unknown",
      "objects": [
        {
          "object_addr": "module.alb.module.access_logs.module.s3_bucket.module.aws_s3_bucket.module.s3_user.module.s3_user.var.id_length_limit",
          "status": "unknown"
        }
      ]
    },
    {
      "object_kind": "var",
      "config_addr": "module.alb.module.access_logs.module.s3_bucket.module.bucket_name.var.label_key_case",
      "status": "pass",
      "objects": [
        {
          "object_addr": "module.alb.module.access_logs.module.s3_bucket.module.bucket_name.var.label_key_case",
          "status": "pass"
        }
      ]
    },
    {
      "object_kind": "var",
      "config_addr": "module.alb.module.access_logs.module.s3_bucket.module.this.var.label_value_case",
      "status": "pass",
      "objects": [
        {
          "object_addr": "module.alb.module.access_logs.module.s3_bucket.module.this.var.label_value_case",
          "status": "pass"
        }
      ]
    },
    {
      "object_kind": "var",
      "config_addr": "module.alb.var.id_length_limit",
      "status": "pass",
      "objects": [
        {
          "object_addr": "module.alb.var.id_length_limit",
          "status": "pass"
        }
      ]
    },
    {
      "object_kind": "var",
      "config_addr": "module.alb.module.access_logs.module.s3_bucket.module.aws_s3_bucket.module.s3_user.module.s3_user.module.this.var.label_key_case",
      "status": "unknown",
      "objects": [
        {
          "object_addr": "module.alb.module.access_logs.module.s3_bucket.module.aws_s3_bucket.module.s3_user.module.s3_user.module.this.var.label_key_case",
          "status": "unknown"
        }
      ]
    },
    {
      "object_kind": "var",
      "config_addr": "module.alb.module.access_logs.module.s3_bucket.module.aws_s3_bucket.var.context",
      "status": "pass",
      "objects": [
        {
          "object_addr": "module.alb.module.access_logs.module.s3_bucket.module.aws_s3_bucket.var.context",
          "status": "pass"
        }
      ]
    },
    {
      "object_kind": "var",
      "config_addr": "module.alb.module.access_logs.module.s3_bucket.module.this.var.context",
      "status": "pass",
      "objects": [
        {
          "object_addr": "module.alb.module.access_logs.module.s3_bucket.module.this.var.context",
          "status": "pass"
        }
      ]
    },
    {
      "object_kind": "var",
      "config_addr": "module.alb.module.access_logs.module.s3_bucket.module.aws_s3_bucket.module.s3_user.module.s3_user.module.store_write.module.this.var.context",
      "status": "pass",
      "objects": null
    },
    {
      "object_kind": "var",
      "config_addr": "module.alb.module.default_target_group_label.var.context",
      "status": "unknown",
      "objects": [
        {
          "object_addr": "module.alb.module.default_target_group_label.var.context",
          "status": "unknown"
        }
      ]
    },
    {
      "object_kind": "var",
      "config_addr": "module.alb.module.access_logs.module.s3_bucket.module.aws_s3_bucket.module.s3_user.module.s3_user.module.store_write.var.label_value_case",
      "status": "pass",
      "objects": null
    },
    {
      "object_kind": "var",
      "config_addr": "module.alb.module.access_logs.module.s3_bucket.module.aws_s3_bucket.module.s3_user.module.s3_user.module.this.var.context",
      "status": "unknown",
      "objects": [
        {
          "object_addr": "module.alb.module.access_logs.module.s3_bucket.module.aws_s3_bucket.module.s3_user.module.s3_user.module.this.var.context",
          "status": "unknown"
        }
      ]
    },
    {
      "object_kind": "var",
      "config_addr": "module.alb.module.access_logs.module.s3_bucket.module.aws_s3_bucket.module.s3_user.module.s3_user.var.label_key_case",
      "status": "unknown",
      "objects": [
        {
          "object_addr": "module.alb.module.access_logs.module.s3_bucket.module.aws_s3_bucket.module.s3_user.module.s3_user.var.label_key_case",
          "status": "unknown"
        }
      ]
    },
    {
      "object_kind": "var",
      "config_addr": "module.alb.module.access_logs.module.s3_bucket.module.aws_s3_bucket.module.this.var.label_value_case",
      "status": "pass",
      "objects": [
        {
          "object_addr": "module.alb.module.access_logs.module.s3_bucket.module.aws_s3_bucket.module.this.var.label_value_case",
          "status": "pass"
        }
      ]
    },
    {
      "object_kind": "var",
      "config_addr": "module.alb.module.access_logs.module.s3_bucket.module.aws_s3_bucket.module.s3_user.var.label_value_case",
      "status": "unknown",
      "objects": [
        {
          "object_addr": "module.alb.module.access_logs.module.s3_bucket.module.aws_s3_bucket.module.s3_user.var.label_value_case",
          "status": "unknown"
        }
      ]
    },
    {
      "object_kind": "var",
      "config_addr": "module.alb.module.default_target_group_label.var.id_length_limit",
      "status": "unknown",
      "objects": [
        {
          "object_addr": "module.alb.module.default_target_group_label.var.id_length_limit",
          "status": "unknown"
        }
      ]
    },
    {
      "object_kind": "var",
      "config_addr": "module.alb.module.access_logs.module.this.var.id_length_limit",
      "status": "pass",
      "objects": [
        {
          "object_addr": "module.alb.module.access_logs.module.this.var.id_length_limit",
          "status": "pass"
        }
      ]
    },
    {
      "object_kind": "var",
      "config_addr": "module.alb.module.access_logs.module.s3_bucket.var.context",
      "status": "pass",
      "objects": [
        {
          "object_addr": "module.alb.module.access_logs.module.s3_bucket.var.context",
          "status": "pass"
        }
      ]
    }
  ]
}
